{
  "lockfile-version": 1,
  "manifest": {
    "version": 1,
    "install": {
      "gum": {
        "pkg-path": "gum"
      },
      "nodejs": {
        "pkg-path": "nodejs_22"
      },
      "pnpm": {
        "pkg-path": "pnpm"
      },
      "postgresql": {
        "pkg-path": "postgresql_17"
      }
    },
    "vars": {
      "DOTENV_FILE": ".env"
    },
    "hook": {
      "on-activate": "\n# Dotenv\nif [ -f \"${FLOX_ENV_PROJECT}/${DOTENV_FILE}\" ]; then\n  set -o allexport\n  source \"${FLOX_ENV_PROJECT}/${DOTENV_FILE}\"\n  set +o allexport\n  echo \"✅ Environment variables loaded from '${DOTENV_FILE}' file\"\nfi\n\n\n# PostgreSQL\nexport PGDIR=\"${FLOX_ENV_CACHE}/postgres\"\nexport PGDATA=\"${PGDIR}/data\"\nexport PGHOST=\"${PGDIR}/run\"\nexport PGCONFIGFILE=\"${PGDIR}/postgresql.conf\"\nexport LOG_PATH=\"${PGHOST}/LOG\"\nexport SESSION_SECRET=\"${USER}-session-secret\"\nexport DATABASE_URL=\"postgresql:///${PGDATABASE}?host=${PGHOST}&port=${PGPORT}\"\n\nif [[ ! -d \"${PGHOST}\" ]]; then\n  mkdir -p \"${PGHOST}\"\nfi\n\nif [[ ! -d \"${PGDATA}\" ]]; then\n  mkdir -p \"${PGDATA}\"\n  pg_initdb() {\n    initdb \"${PGDATA}\" \\\n      --locale=C \\\n      --encoding=UTF8 \\\n      -A md5 \\\n      --auth=trust \\\n      --username \"${PGUSER}\" \\\n      --pwfile=<(echo \"${PGPASS}\")\n  }\n  export -f pg_initdb  # This is needed for gum to be able to call function\n  if [[ \"${FLOX_ENVS_TESTING}\" == \"1\" ]]; then\n    pg_initdb\n  else\n    gum spin --spinner dot --title \"Running initdb in ${PGDATA}\" -- bash -c pg_initdb\n  fi\n  echo \"✅ Initialize PostgreSQL (${PGDATA})\"\n\nfi\n\nif [[ ! -f \"${PGCONFIGFILE}\" ]]; then\n  tee -a \"${PGCONFIGFILE}\" > /dev/null << EOF\nlisten_addresses = '${PGHOSTADDR}';\nport = '${PGPORT}';\nunix_socket_directories = '${PGHOST}';\nunix_socket_permissions = '0700';\nEOF\n  echo \"✅ Configure PostgreSQL (${PGCONFIGFILE})\"\nfi\n\npg_ctl -D \"${PGDATA}\" -w start -o \"-c unix_socket_directories=${PGHOST} -c listen_addresses=${PGHOSTADDR} -p ${PGPORT}\" > /dev/null\nif psql -lqt | cut -d \\| -f 1 | grep -qw ${PGDATABASE}; then\n  echo \"✅ Database '${PGDATABASE}' already exists\"\nelse\n  createdb\n  echo \"✅ Database '${PGDATABASE}' created\"\nfi\npg_ctl -D \"${PGDATA}\" -m fast -w stop > /dev/null\n\n"
    },
    "profile": {
      "common": "cat <<EOM\n     ╔═══════════════════════════════════════════════╗\n     ║                                               ║\n     ║  Start services in the background:            ║\n     ║  👉 flox services start                       ║\n     ║  👉 flox activate --start-services            ║\n     ║                                               ║\n     ║  Try to connect to PostgreSQL:                ║\n     ║  👉 psql                                      ║\n     ║                                               ║\n     ║  NOTE! This project uses pnpm                 ║\n     ║                                               ║\n     ║  Install:                                     ║\n     ║  👉 pnpm install                              ║\n     ║                                               ║\n     ║  Run locally:                                 ║\n     ║  👉 pnpm dev                                  ║\n     ║                                               ║\n     ╚═══════════════════════════════════════════════╝\nEOM\n"
    },
    "options": {
      "systems": [
        "aarch64-darwin",
        "aarch64-linux",
        "x86_64-darwin",
        "x86_64-linux"
      ]
    },
    "services": {
      "postgres": {
        "command": "postgres -D ${PGDATA} -c unix_socket_directories=${PGHOST} -c listen_addresses=${PGHOSTADDR} -p ${PGPORT}"
      }
    }
  },
  "packages": [
    {
      "attr_path": "gum",
      "broken": false,
      "derivation": "/nix/store/i7da40pyfvk25xwk2xkg7rlzv3zqf4s3-gum-0.17.0.drv",
      "description": "Tasty Bubble Gum for your shell",
      "install_id": "gum",
      "license": "MIT",
      "locked_url": "https://github.com/flox/nixpkgs?rev=ab0f3607a6c7486ea22229b92ed2d355f1482ee0",
      "name": "gum-0.17.0",
      "pname": "gum",
      "rev": "ab0f3607a6c7486ea22229b92ed2d355f1482ee0",
      "rev_count": 859555,
      "rev_date": "2025-09-10T06:58:08Z",
      "scrape_date": "2025-09-12T02:06:12.583231Z",
      "stabilities": [
        "staging",
        "unstable"
      ],
      "unfree": false,
      "version": "0.17.0",
      "outputs_to_install": [
        "out"
      ],
      "outputs": {
        "out": "/nix/store/6acx1nn0f2i5v6dkdzaap2hdngkp1lpz-gum-0.17.0"
      },
      "system": "aarch64-darwin",
      "group": "toplevel",
      "priority": 5
    },
    {
      "attr_path": "gum",
      "broken": false,
      "derivation": "/nix/store/vn184rxp6dqbd1lacq122him8nif1ljj-gum-0.17.0.drv",
      "description": "Tasty Bubble Gum for your shell",
      "install_id": "gum",
      "license": "MIT",
      "locked_url": "https://github.com/flox/nixpkgs?rev=ab0f3607a6c7486ea22229b92ed2d355f1482ee0",
      "name": "gum-0.17.0",
      "pname": "gum",
      "rev": "ab0f3607a6c7486ea22229b92ed2d355f1482ee0",
      "rev_count": 859555,
      "rev_date": "2025-09-10T06:58:08Z",
      "scrape_date": "2025-09-12T02:40:53.928081Z",
      "stabilities": [
        "staging",
        "unstable"
      ],
      "unfree": false,
      "version": "0.17.0",
      "outputs_to_install": [
        "out"
      ],
      "outputs": {
        "out": "/nix/store/caisq1py34nrn7q3lx4sswkm0zlpdr4n-gum-0.17.0"
      },
      "system": "aarch64-linux",
      "group": "toplevel",
      "priority": 5
    },
    {
      "attr_path": "gum",
      "broken": false,
      "derivation": "/nix/store/xzwzl56m1rwcb5pbmq85cvhyhfd1angc-gum-0.17.0.drv",
      "description": "Tasty Bubble Gum for your shell",
      "install_id": "gum",
      "license": "MIT",
      "locked_url": "https://github.com/flox/nixpkgs?rev=ab0f3607a6c7486ea22229b92ed2d355f1482ee0",
      "name": "gum-0.17.0",
      "pname": "gum",
      "rev": "ab0f3607a6c7486ea22229b92ed2d355f1482ee0",
      "rev_count": 859555,
      "rev_date": "2025-09-10T06:58:08Z",
      "scrape_date": "2025-09-12T03:13:16.658123Z",
      "stabilities": [
        "staging",
        "unstable"
      ],
      "unfree": false,
      "version": "0.17.0",
      "outputs_to_install": [
        "out"
      ],
      "outputs": {
        "out": "/nix/store/w467h914divp2k8qyk5x14hci2jm7ww6-gum-0.17.0"
      },
      "system": "x86_64-darwin",
      "group": "toplevel",
      "priority": 5
    },
    {
      "attr_path": "gum",
      "broken": false,
      "derivation": "/nix/store/3l47qcfk0x158cx0f3ql2pggnxgd6v9p-gum-0.17.0.drv",
      "description": "Tasty Bubble Gum for your shell",
      "install_id": "gum",
      "license": "MIT",
      "locked_url": "https://github.com/flox/nixpkgs?rev=ab0f3607a6c7486ea22229b92ed2d355f1482ee0",
      "name": "gum-0.17.0",
      "pname": "gum",
      "rev": "ab0f3607a6c7486ea22229b92ed2d355f1482ee0",
      "rev_count": 859555,
      "rev_date": "2025-09-10T06:58:08Z",
      "scrape_date": "2025-09-12T03:49:37.213969Z",
      "stabilities": [
        "staging",
        "unstable"
      ],
      "unfree": false,
      "version": "0.17.0",
      "outputs_to_install": [
        "out"
      ],
      "outputs": {
        "out": "/nix/store/jbjrj4hbf2bgdvr6vl4dalwn31s669p4-gum-0.17.0"
      },
      "system": "x86_64-linux",
      "group": "toplevel",
      "priority": 5
    },
    {
      "attr_path": "nodejs_22",
      "broken": false,
      "derivation": "/nix/store/05pp2jwx6ixg5hp3nnpi9s2md52iw4hl-nodejs-22.19.0.drv",
      "description": "Event-driven I/O framework for the V8 JavaScript engine",
      "install_id": "nodejs",
      "license": "MIT",
      "locked_url": "https://github.com/flox/nixpkgs?rev=ab0f3607a6c7486ea22229b92ed2d355f1482ee0",
      "name": "nodejs-22.19.0",
      "pname": "nodejs_22",
      "rev": "ab0f3607a6c7486ea22229b92ed2d355f1482ee0",
      "rev_count": 859555,
      "rev_date": "2025-09-10T06:58:08Z",
      "scrape_date": "2025-09-12T02:06:34.936626Z",
      "stabilities": [
        "staging",
        "unstable"
      ],
      "unfree": false,
      "version": "22.19.0",
      "outputs_to_install": [
        "out"
      ],
      "outputs": {
        "dev": "/nix/store/2haz1qvxgshwfnf34ds3ldhrw1fr19xl-nodejs-22.19.0-dev",
        "libv8": "/nix/store/9c8wh022ri1w080xykya778gkj9y23q0-nodejs-22.19.0-libv8",
        "out": "/nix/store/3scj3c1qxh5iclf8jy5hbl9pki40y77n-nodejs-22.19.0"
      },
      "system": "aarch64-darwin",
      "group": "toplevel",
      "priority": 5
    },
    {
      "attr_path": "nodejs_22",
      "broken": false,
      "derivation": "/nix/store/h8ngmzg6hh3fcal7s8jrx9giq39nmiym-nodejs-22.19.0.drv",
      "description": "Event-driven I/O framework for the V8 JavaScript engine",
      "install_id": "nodejs",
      "license": "MIT",
      "locked_url": "https://github.com/flox/nixpkgs?rev=ab0f3607a6c7486ea22229b92ed2d355f1482ee0",
      "name": "nodejs-22.19.0",
      "pname": "nodejs_22",
      "rev": "ab0f3607a6c7486ea22229b92ed2d355f1482ee0",
      "rev_count": 859555,
      "rev_date": "2025-09-10T06:58:08Z",
      "scrape_date": "2025-09-12T02:41:31.489992Z",
      "stabilities": [
        "staging",
        "unstable"
      ],
      "unfree": false,
      "version": "22.19.0",
      "outputs_to_install": [
        "out"
      ],
      "outputs": {
        "dev": "/nix/store/i7d7f38736nndmiawzmrx8ncyg12bzzh-nodejs-22.19.0-dev",
        "libv8": "/nix/store/vxims6ls362vhdzlzjxpwbw8vj8p5d0s-nodejs-22.19.0-libv8",
        "out": "/nix/store/13ar46sdd3qls1q4w35qv7v9a6wpj63c-nodejs-22.19.0"
      },
      "system": "aarch64-linux",
      "group": "toplevel",
      "priority": 5
    },
    {
      "attr_path": "nodejs_22",
      "broken": false,
      "derivation": "/nix/store/749rj64sb8ymn392frgwiq1bn1w1l303-nodejs-22.19.0.drv",
      "description": "Event-driven I/O framework for the V8 JavaScript engine",
      "install_id": "nodejs",
      "license": "MIT",
      "locked_url": "https://github.com/flox/nixpkgs?rev=ab0f3607a6c7486ea22229b92ed2d355f1482ee0",
      "name": "nodejs-22.19.0",
      "pname": "nodejs_22",
      "rev": "ab0f3607a6c7486ea22229b92ed2d355f1482ee0",
      "rev_count": 859555,
      "rev_date": "2025-09-10T06:58:08Z",
      "scrape_date": "2025-09-12T03:13:38.343233Z",
      "stabilities": [
        "staging",
        "unstable"
      ],
      "unfree": false,
      "version": "22.19.0",
      "outputs_to_install": [
        "out"
      ],
      "outputs": {
        "dev": "/nix/store/z08yd37bvr4w54qmkb65d9wzyv27xgrd-nodejs-22.19.0-dev",
        "libv8": "/nix/store/vpz64ylnvx5hm8mx8vx35inhpzbnkljq-nodejs-22.19.0-libv8",
        "out": "/nix/store/xgqkmyswq6s9jbdhvx6x8ix2jkj0jbip-nodejs-22.19.0"
      },
      "system": "x86_64-darwin",
      "group": "toplevel",
      "priority": 5
    },
    {
      "attr_path": "nodejs_22",
      "broken": false,
      "derivation": "/nix/store/2mqg4y2qz8kyk9xy96z1b80h3km40nch-nodejs-22.19.0.drv",
      "description": "Event-driven I/O framework for the V8 JavaScript engine",
      "install_id": "nodejs",
      "license": "MIT",
      "locked_url": "https://github.com/flox/nixpkgs?rev=ab0f3607a6c7486ea22229b92ed2d355f1482ee0",
      "name": "nodejs-22.19.0",
      "pname": "nodejs_22",
      "rev": "ab0f3607a6c7486ea22229b92ed2d355f1482ee0",
      "rev_count": 859555,
      "rev_date": "2025-09-10T06:58:08Z",
      "scrape_date": "2025-09-12T03:50:16.885147Z",
      "stabilities": [
        "staging",
        "unstable"
      ],
      "unfree": false,
      "version": "22.19.0",
      "outputs_to_install": [
        "out"
      ],
      "outputs": {
        "dev": "/nix/store/a99hiwhamgzds70gxkfnb4cm8i926356-nodejs-22.19.0-dev",
        "libv8": "/nix/store/z6bm3d1gzn39p4yxyga4q3b1spdsggy1-nodejs-22.19.0-libv8",
        "out": "/nix/store/r4557ald6zn4dzmvgh8na9vwnwzgrjgc-nodejs-22.19.0"
      },
      "system": "x86_64-linux",
      "group": "toplevel",
      "priority": 5
    },
    {
      "attr_path": "pnpm",
      "broken": false,
      "derivation": "/nix/store/dhhnr771ykpx3r9lasv6smhafg306nrx-pnpm-10.15.0.drv",
      "description": "Fast, disk space efficient package manager for JavaScript",
      "install_id": "pnpm",
      "license": "MIT",
      "locked_url": "https://github.com/flox/nixpkgs?rev=ab0f3607a6c7486ea22229b92ed2d355f1482ee0",
      "name": "pnpm-10.15.0",
      "pname": "pnpm",
      "rev": "ab0f3607a6c7486ea22229b92ed2d355f1482ee0",
      "rev_count": 859555,
      "rev_date": "2025-09-10T06:58:08Z",
      "scrape_date": "2025-09-12T02:06:49.716612Z",
      "stabilities": [
        "staging",
        "unstable"
      ],
      "unfree": false,
      "version": "10.15.0",
      "outputs_to_install": [
        "out"
      ],
      "outputs": {
        "out": "/nix/store/x39jf2kvn9j8x3nfrpdgq3mwv10f2r0i-pnpm-10.15.0"
      },
      "system": "aarch64-darwin",
      "group": "toplevel",
      "priority": 5
    },
    {
      "attr_path": "pnpm",
      "broken": false,
      "derivation": "/nix/store/xzclxyxsy2d3w2aqadsh7gd5xw06cph9-pnpm-10.15.0.drv",
      "description": "Fast, disk space efficient package manager for JavaScript",
      "install_id": "pnpm",
      "license": "MIT",
      "locked_url": "https://github.com/flox/nixpkgs?rev=ab0f3607a6c7486ea22229b92ed2d355f1482ee0",
      "name": "pnpm-10.15.0",
      "pname": "pnpm",
      "rev": "ab0f3607a6c7486ea22229b92ed2d355f1482ee0",
      "rev_count": 859555,
      "rev_date": "2025-09-10T06:58:08Z",
      "scrape_date": "2025-09-12T02:41:52.411385Z",
      "stabilities": [
        "staging",
        "unstable"
      ],
      "unfree": false,
      "version": "10.15.0",
      "outputs_to_install": [
        "out"
      ],
      "outputs": {
        "out": "/nix/store/jxhrhg42m7cxiay41ygljp3cfisk3i7v-pnpm-10.15.0"
      },
      "system": "aarch64-linux",
      "group": "toplevel",
      "priority": 5
    },
    {
      "attr_path": "pnpm",
      "broken": false,
      "derivation": "/nix/store/rdpw46f0qbiflnsrydghih444lsc1q7s-pnpm-10.15.0.drv",
      "description": "Fast, disk space efficient package manager for JavaScript",
      "install_id": "pnpm",
      "license": "MIT",
      "locked_url": "https://github.com/flox/nixpkgs?rev=ab0f3607a6c7486ea22229b92ed2d355f1482ee0",
      "name": "pnpm-10.15.0",
      "pname": "pnpm",
      "rev": "ab0f3607a6c7486ea22229b92ed2d355f1482ee0",
      "rev_count": 859555,
      "rev_date": "2025-09-10T06:58:08Z",
      "scrape_date": "2025-09-12T03:13:52.325088Z",
      "stabilities": [
        "staging",
        "unstable"
      ],
      "unfree": false,
      "version": "10.15.0",
      "outputs_to_install": [
        "out"
      ],
      "outputs": {
        "out": "/nix/store/xrhxpknhw0ifp8kspp44gdlyxpv378aj-pnpm-10.15.0"
      },
      "system": "x86_64-darwin",
      "group": "toplevel",
      "priority": 5
    },
    {
      "attr_path": "pnpm",
      "broken": false,
      "derivation": "/nix/store/959xc82avaf819klq8wd820zymrqmiq6-pnpm-10.15.0.drv",
      "description": "Fast, disk space efficient package manager for JavaScript",
      "install_id": "pnpm",
      "license": "MIT",
      "locked_url": "https://github.com/flox/nixpkgs?rev=ab0f3607a6c7486ea22229b92ed2d355f1482ee0",
      "name": "pnpm-10.15.0",
      "pname": "pnpm",
      "rev": "ab0f3607a6c7486ea22229b92ed2d355f1482ee0",
      "rev_count": 859555,
      "rev_date": "2025-09-10T06:58:08Z",
      "scrape_date": "2025-09-12T03:50:38.330081Z",
      "stabilities": [
        "staging",
        "unstable"
      ],
      "unfree": false,
      "version": "10.15.0",
      "outputs_to_install": [
        "out"
      ],
      "outputs": {
        "out": "/nix/store/qrcxicl2rsz00b24kipgiwsz940dr325-pnpm-10.15.0"
      },
      "system": "x86_64-linux",
      "group": "toplevel",
      "priority": 5
    },
    {
      "attr_path": "postgresql_17",
      "broken": false,
      "derivation": "/nix/store/kp2qxbdsrh5jr8ll22mm0dkfw3p3a5jx-postgresql-17.6.drv",
      "description": "Powerful, open source object-relational database system",
      "install_id": "postgresql",
      "license": "PostgreSQL",
      "locked_url": "https://github.com/flox/nixpkgs?rev=ab0f3607a6c7486ea22229b92ed2d355f1482ee0",
      "name": "postgresql-17.6",
      "pname": "postgresql_17",
      "rev": "ab0f3607a6c7486ea22229b92ed2d355f1482ee0",
      "rev_count": 859555,
      "rev_date": "2025-09-10T06:58:08Z",
      "scrape_date": "2025-09-12T02:06:50.781396Z",
      "stabilities": [
        "staging",
        "unstable"
      ],
      "unfree": false,
      "version": "17.6",
      "outputs_to_install": [
        "man",
        "out"
      ],
      "outputs": {
        "dev": "/nix/store/kdsy2qhdaj0drwv7bjlqrq8iwg7am4pm-postgresql-17.6-dev",
        "doc": "/nix/store/p598qxn9a6czkawqica9aglgpi7qk602-postgresql-17.6-doc",
        "jit": "/nix/store/hhwgaaprw190fd4lan9c1jcayni005mc-postgresql-17.6-jit",
        "lib": "/nix/store/8jvg8lb3r1r4g7fchvn71kigclgj93ss-postgresql-17.6-lib",
        "man": "/nix/store/s8fy60163fvin1rypqp49xff5vfq8pc1-postgresql-17.6-man",
        "out": "/nix/store/x8316kdj4hvr90zww4fzrh6iqbp2fwfv-postgresql-17.6",
        "plperl": "/nix/store/7i8fin94kv6bsil9yfws868kfn8dsfk5-postgresql-17.6-plperl",
        "plpython3": "/nix/store/k52nrq2chmf9bcsgdl5xdxigi43cb641-postgresql-17.6-plpython3",
        "pltcl": "/nix/store/95s1q5ybh6g7rff0sb77963rxmzl07hb-postgresql-17.6-pltcl"
      },
      "system": "aarch64-darwin",
      "group": "toplevel",
      "priority": 5
    },
    {
      "attr_path": "postgresql_17",
      "broken": false,
      "derivation": "/nix/store/1kzzglbgy359nrwprmvb3dlb5dn9d75n-postgresql-17.6.drv",
      "description": "Powerful, open source object-relational database system",
      "install_id": "postgresql",
      "license": "PostgreSQL",
      "locked_url": "https://github.com/flox/nixpkgs?rev=ab0f3607a6c7486ea22229b92ed2d355f1482ee0",
      "name": "postgresql-17.6",
      "pname": "postgresql_17",
      "rev": "ab0f3607a6c7486ea22229b92ed2d355f1482ee0",
      "rev_count": 859555,
      "rev_date": "2025-09-10T06:58:08Z",
      "scrape_date": "2025-09-12T02:41:53.866436Z",
      "stabilities": [
        "staging",
        "unstable"
      ],
      "unfree": false,
      "version": "17.6",
      "outputs_to_install": [
        "man",
        "out"
      ],
      "outputs": {
        "debug": "/nix/store/661ssr2ma5jah0ifj0ca3pjhxz8fmgv8-postgresql-17.6-debug",
        "dev": "/nix/store/w9d09r1ziky5yjdpq0fb0lkpm93db6rv-postgresql-17.6-dev",
        "doc": "/nix/store/bfgv1xi0r72hwy7sg2syz9mvrmm1iq6a-postgresql-17.6-doc",
        "jit": "/nix/store/w856mf7gc0y81jsjppm77ww9k7l04dm6-postgresql-17.6-jit",
        "lib": "/nix/store/b2l7jsirdac28nsih5y1y2i6ml7khlbh-postgresql-17.6-lib",
        "man": "/nix/store/izkz6kkch9br4rcn3jzijds6galnswmj-postgresql-17.6-man",
        "out": "/nix/store/zdmrsczynsanljim77c5fhmlgf8lnqgr-postgresql-17.6",
        "plperl": "/nix/store/89plna3bfrlihpdl6h1nif7488j4lycw-postgresql-17.6-plperl",
        "plpython3": "/nix/store/4539wyz2xpa70ihhbsfbizqj2a4nb0qi-postgresql-17.6-plpython3",
        "pltcl": "/nix/store/kbxy78mf481232li36wvfcl2749xqlb1-postgresql-17.6-pltcl"
      },
      "system": "aarch64-linux",
      "group": "toplevel",
      "priority": 5
    },
    {
      "attr_path": "postgresql_17",
      "broken": false,
      "derivation": "/nix/store/1mga6fhj91w3vz2p9wgqcq7ss2gir21s-postgresql-17.6.drv",
      "description": "Powerful, open source object-relational database system",
      "install_id": "postgresql",
      "license": "PostgreSQL",
      "locked_url": "https://github.com/flox/nixpkgs?rev=ab0f3607a6c7486ea22229b92ed2d355f1482ee0",
      "name": "postgresql-17.6",
      "pname": "postgresql_17",
      "rev": "ab0f3607a6c7486ea22229b92ed2d355f1482ee0",
      "rev_count": 859555,
      "rev_date": "2025-09-10T06:58:08Z",
      "scrape_date": "2025-09-12T03:13:53.304183Z",
      "stabilities": [
        "staging",
        "unstable"
      ],
      "unfree": false,
      "version": "17.6",
      "outputs_to_install": [
        "man",
        "out"
      ],
      "outputs": {
        "dev": "/nix/store/1ln3lngxzr913r6nh3qj605x82ijc5r7-postgresql-17.6-dev",
        "doc": "/nix/store/s6gdj1jblsimi551jaw9a0ab3r6208sl-postgresql-17.6-doc",
        "jit": "/nix/store/rvjip61mh1a2llmhwgrd08hvsbcnb59j-postgresql-17.6-jit",
        "lib": "/nix/store/nigqc3d59kp0mlknain2ywd1kxzhh84a-postgresql-17.6-lib",
        "man": "/nix/store/iv7n6gfg8vfjghhsnc8szdpx8nljnwjr-postgresql-17.6-man",
        "out": "/nix/store/hfq4hh6nji29lrkd2d2h499s4rnfjvxr-postgresql-17.6",
        "plperl": "/nix/store/4ywicb8zvp2qv0wslisgh9khd3f3mq8y-postgresql-17.6-plperl",
        "plpython3": "/nix/store/fxiq5vdvb7zamdj467dn4i5jgfvwcdj3-postgresql-17.6-plpython3",
        "pltcl": "/nix/store/zixqyfqp3df8cjxrggyv24r2mn6q03q4-postgresql-17.6-pltcl"
      },
      "system": "x86_64-darwin",
      "group": "toplevel",
      "priority": 5
    },
    {
      "attr_path": "postgresql_17",
      "broken": false,
      "derivation": "/nix/store/0ihzm6m1z1842bwzpm4g2957vxyr7d6m-postgresql-17.6.drv",
      "description": "Powerful, open source object-relational database system",
      "install_id": "postgresql",
      "license": "PostgreSQL",
      "locked_url": "https://github.com/flox/nixpkgs?rev=ab0f3607a6c7486ea22229b92ed2d355f1482ee0",
      "name": "postgresql-17.6",
      "pname": "postgresql_17",
      "rev": "ab0f3607a6c7486ea22229b92ed2d355f1482ee0",
      "rev_count": 859555,
      "rev_date": "2025-09-10T06:58:08Z",
      "scrape_date": "2025-09-12T03:50:39.806163Z",
      "stabilities": [
        "staging",
        "unstable"
      ],
      "unfree": false,
      "version": "17.6",
      "outputs_to_install": [
        "man",
        "out"
      ],
      "outputs": {
        "debug": "/nix/store/hzkqv89nrdz00npy3r5ly7hi8iq6i9s4-postgresql-17.6-debug",
        "dev": "/nix/store/l8m7mbvqxdi9bd5apl8s49kjpnzrcv6c-postgresql-17.6-dev",
        "doc": "/nix/store/dg0cwp756r82crxmdv8vzq7d7kjzi4qi-postgresql-17.6-doc",
        "jit": "/nix/store/w6f1f7dxai435w963fzifbf14kxbv5s3-postgresql-17.6-jit",
        "lib": "/nix/store/msjxcqa4x2f52dyq10rbrbw6k0m0hi90-postgresql-17.6-lib",
        "man": "/nix/store/z2s4zb4kxh80v7npbin8pv27vjf5fc4k-postgresql-17.6-man",
        "out": "/nix/store/jq2kbdw6ljv9i47jz23pm072cfyxwpfj-postgresql-17.6",
        "plperl": "/nix/store/cq3zxs5dw2xy0hib0fpi70k4kack640z-postgresql-17.6-plperl",
        "plpython3": "/nix/store/sjb555ik5jrrk2gllpgcdmvwxhj5kv1v-postgresql-17.6-plpython3",
        "pltcl": "/nix/store/0w5sqnpakfk7qfm1yfbkwajz75pha4qj-postgresql-17.6-pltcl"
      },
      "system": "x86_64-linux",
      "group": "toplevel",
      "priority": 5
    }
  ]
}