{
  "lockfile-version": 1,
  "manifest": {
    "version": 1,
    "install": {
      "gum": {
        "pkg-path": "gum"
      },
      "nodejs": {
        "pkg-path": "nodejs_22"
      },
      "pnpm": {
        "pkg-path": "pnpm"
      },
      "postgresql": {
        "pkg-path": "postgresql_17"
      }
    },
    "vars": {
      "DOTENV_FILE": ".env"
    },
    "hook": {
      "on-activate": "\n# Dotenv\nif [ -f \"${FLOX_ENV_PROJECT}/${DOTENV_FILE}\" ]; then\n  set -o allexport\n  source \"${FLOX_ENV_PROJECT}/${DOTENV_FILE}\"\n  set +o allexport\n  echo \"✅ Environment variables loaded from '${DOTENV_FILE}' file\"\nfi\n\n\n# PostgreSQL\nexport PGDIR=\"${FLOX_ENV_CACHE}/postgres\"\nexport PGDATA=\"${PGDIR}/data\"\nexport PGHOST=\"${PGDIR}/run\"\nexport PGCONFIGFILE=\"${PGDIR}/postgresql.conf\"\nexport LOG_PATH=\"${PGHOST}/LOG\"\nexport SESSION_SECRET=\"${USER}-session-secret\"\nexport DATABASE_URL=\"postgresql:///${PGDATABASE}?host=${PGHOST}&port=${PGPORT}\"\n\nif [[ ! -d \"${PGHOST}\" ]]; then\n  mkdir -p \"${PGHOST}\"\nfi\n\nif [[ ! -d \"${PGDATA}\" ]]; then\n  mkdir -p \"${PGDATA}\"\n  pg_initdb() {\n    initdb \"${PGDATA}\" \\\n      --locale=C \\\n      --encoding=UTF8 \\\n      -A md5 \\\n      --auth=trust \\\n      --username \"${PGUSER}\" \\\n      --pwfile=<(echo \"${PGPASS}\")\n  }\n  export -f pg_initdb  # This is needed for gum to be able to call function\n  if [[ \"${FLOX_ENVS_TESTING}\" == \"1\" ]]; then\n    pg_initdb\n  else\n    gum spin --spinner dot --title \"Running initdb in ${PGDATA}\" -- bash -c pg_initdb\n  fi\n  echo \"✅ Initialize PostgreSQL (${PGDATA})\"\n\nfi\n\nif [[ ! -f \"${PGCONFIGFILE}\" ]]; then\n  tee -a \"${PGCONFIGFILE}\" > /dev/null << EOF\nlisten_addresses = '${PGHOSTADDR}';\nport = '${PGPORT}';\nunix_socket_directories = '${PGHOST}';\nunix_socket_permissions = '0700';\nEOF\n  echo \"✅ Configure PostgreSQL (${PGCONFIGFILE})\"\nfi\n\npg_ctl -D \"${PGDATA}\" -w start -o \"-c unix_socket_directories=${PGHOST} -c listen_addresses=${PGHOSTADDR} -p ${PGPORT}\" > /dev/null\nif psql -lqt | cut -d \\| -f 1 | grep -qw ${PGDATABASE}; then\n  echo \"✅ Database '${PGDATABASE}' already exists\"\nelse\n  createdb\n  echo \"✅ Database '${PGDATABASE}' created\"\nfi\npg_ctl -D \"${PGDATA}\" -m fast -w stop > /dev/null\n\n"
    },
    "profile": {
      "common": "cat <<EOM\n     ╔═══════════════════════════════════════════════╗\n     ║                                               ║\n     ║  Start services in the background:            ║\n     ║  👉 flox services start                       ║\n     ║  👉 flox activate --start-services            ║\n     ║                                               ║\n     ║  Try to connect to PostgreSQL:                ║\n     ║  👉 psql                                      ║\n     ║                                               ║\n     ║  NOTE! This project uses pnpm                 ║\n     ║                                               ║\n     ║  Install:                                     ║\n     ║  👉 pnpm install                              ║\n     ║                                               ║\n     ║  Run locally:                                 ║\n     ║  👉 pnpm dev                                  ║\n     ║                                               ║\n     ╚═══════════════════════════════════════════════╝\nEOM\n"
    },
    "options": {
      "systems": [
        "aarch64-darwin",
        "aarch64-linux",
        "x86_64-darwin",
        "x86_64-linux"
      ],
      "allow": {
        "licenses": []
      },
      "semver": {}
    },
    "services": {
      "postgres": {
        "command": "postgres -D ${PGDATA} -c unix_socket_directories=${PGHOST} -c listen_addresses=${PGHOSTADDR} -p ${PGPORT}",
        "vars": null,
        "is-daemon": null,
        "shutdown": null,
        "systems": null
      }
    }
  },
  "packages": [
    {
      "attr_path": "gum",
      "broken": false,
      "derivation": "/nix/store/pg3cdd51qdyvz1y4f40sppnzi48w6kql-gum-0.16.2.drv",
      "description": "Tasty Bubble Gum for your shell",
      "install_id": "gum",
      "license": "MIT",
      "locked_url": "https://github.com/flox/nixpkgs?rev=17f6bd177404d6d43017595c5264756764444ab8",
      "name": "gum-0.16.2",
      "pname": "gum",
      "rev": "17f6bd177404d6d43017595c5264756764444ab8",
      "rev_count": 835620,
      "rev_date": "2025-07-26T16:59:46Z",
      "scrape_date": "2025-07-29T00:32:54.397104Z",
      "stabilities": [
        "unstable"
      ],
      "unfree": false,
      "version": "0.16.2",
      "outputs_to_install": [
        "out"
      ],
      "outputs": {
        "out": "/nix/store/s9w5fifwbcl92x3r55r9lbiwmlyrlfig-gum-0.16.2"
      },
      "system": "aarch64-darwin",
      "group": "toplevel",
      "priority": 5
    },
    {
      "attr_path": "gum",
      "broken": false,
      "derivation": "/nix/store/h7k81r0f4j065q10xnl4h3dib8vyw8qj-gum-0.16.2.drv",
      "description": "Tasty Bubble Gum for your shell",
      "install_id": "gum",
      "license": "MIT",
      "locked_url": "https://github.com/flox/nixpkgs?rev=17f6bd177404d6d43017595c5264756764444ab8",
      "name": "gum-0.16.2",
      "pname": "gum",
      "rev": "17f6bd177404d6d43017595c5264756764444ab8",
      "rev_count": 835620,
      "rev_date": "2025-07-26T16:59:46Z",
      "scrape_date": "2025-07-29T00:56:58.042968Z",
      "stabilities": [
        "unstable"
      ],
      "unfree": false,
      "version": "0.16.2",
      "outputs_to_install": [
        "out"
      ],
      "outputs": {
        "out": "/nix/store/7z4r5akxz40nfji1jz4bdk99k1biwdkc-gum-0.16.2"
      },
      "system": "aarch64-linux",
      "group": "toplevel",
      "priority": 5
    },
    {
      "attr_path": "gum",
      "broken": false,
      "derivation": "/nix/store/yv03ry4f80wp5cgxdb1d13l67n89lrv0-gum-0.16.2.drv",
      "description": "Tasty Bubble Gum for your shell",
      "install_id": "gum",
      "license": "MIT",
      "locked_url": "https://github.com/flox/nixpkgs?rev=17f6bd177404d6d43017595c5264756764444ab8",
      "name": "gum-0.16.2",
      "pname": "gum",
      "rev": "17f6bd177404d6d43017595c5264756764444ab8",
      "rev_count": 835620,
      "rev_date": "2025-07-26T16:59:46Z",
      "scrape_date": "2025-07-29T01:20:04.316356Z",
      "stabilities": [
        "unstable"
      ],
      "unfree": false,
      "version": "0.16.2",
      "outputs_to_install": [
        "out"
      ],
      "outputs": {
        "out": "/nix/store/r6q70l6jqmgmmv8br9dpvh23c4lqkapq-gum-0.16.2"
      },
      "system": "x86_64-darwin",
      "group": "toplevel",
      "priority": 5
    },
    {
      "attr_path": "gum",
      "broken": false,
      "derivation": "/nix/store/1rl9xkxjazii9zr7ci73sjk20dp4v2yp-gum-0.16.2.drv",
      "description": "Tasty Bubble Gum for your shell",
      "install_id": "gum",
      "license": "MIT",
      "locked_url": "https://github.com/flox/nixpkgs?rev=17f6bd177404d6d43017595c5264756764444ab8",
      "name": "gum-0.16.2",
      "pname": "gum",
      "rev": "17f6bd177404d6d43017595c5264756764444ab8",
      "rev_count": 835620,
      "rev_date": "2025-07-26T16:59:46Z",
      "scrape_date": "2025-07-29T01:47:04.930182Z",
      "stabilities": [
        "unstable"
      ],
      "unfree": false,
      "version": "0.16.2",
      "outputs_to_install": [
        "out"
      ],
      "outputs": {
        "out": "/nix/store/ghqbmfsmdhccms652yx3n0mkj86jlz8r-gum-0.16.2"
      },
      "system": "x86_64-linux",
      "group": "toplevel",
      "priority": 5
    },
    {
      "attr_path": "nodejs_22",
      "broken": false,
      "derivation": "/nix/store/mcpi6hknkb9dz7ipp7nzh1ln1a8ak702-nodejs-22.17.0.drv",
      "description": "Event-driven I/O framework for the V8 JavaScript engine",
      "install_id": "nodejs",
      "license": "MIT",
      "locked_url": "https://github.com/flox/nixpkgs?rev=17f6bd177404d6d43017595c5264756764444ab8",
      "name": "nodejs-22.17.0",
      "pname": "nodejs_22",
      "rev": "17f6bd177404d6d43017595c5264756764444ab8",
      "rev_count": 835620,
      "rev_date": "2025-07-26T16:59:46Z",
      "scrape_date": "2025-07-29T00:32:56.826752Z",
      "stabilities": [
        "unstable"
      ],
      "unfree": false,
      "version": "22.17.0",
      "outputs_to_install": [
        "out"
      ],
      "outputs": {
        "dev": "/nix/store/f8p8cf7impbgzqim9nbqik6z9xj5lyc3-nodejs-22.17.0-dev",
        "libv8": "/nix/store/6fy7a1dk6z2xz57v3axlzw7lrscikk2f-nodejs-22.17.0-libv8",
        "out": "/nix/store/s7dd5qi3fzjj8q5mmygi8pasp91n727c-nodejs-22.17.0"
      },
      "system": "aarch64-darwin",
      "group": "toplevel",
      "priority": 5
    },
    {
      "attr_path": "nodejs_22",
      "broken": false,
      "derivation": "/nix/store/hp61l0ws5s5xipwaa0y98dwi394rsas6-nodejs-22.17.0.drv",
      "description": "Event-driven I/O framework for the V8 JavaScript engine",
      "install_id": "nodejs",
      "license": "MIT",
      "locked_url": "https://github.com/flox/nixpkgs?rev=17f6bd177404d6d43017595c5264756764444ab8",
      "name": "nodejs-22.17.0",
      "pname": "nodejs_22",
      "rev": "17f6bd177404d6d43017595c5264756764444ab8",
      "rev_count": 835620,
      "rev_date": "2025-07-26T16:59:46Z",
      "scrape_date": "2025-07-29T00:57:07.017854Z",
      "stabilities": [
        "unstable"
      ],
      "unfree": false,
      "version": "22.17.0",
      "outputs_to_install": [
        "out"
      ],
      "outputs": {
        "dev": "/nix/store/vgjb162lwvdqw6vf1jlam9iaxr4g4njm-nodejs-22.17.0-dev",
        "libv8": "/nix/store/5wb5rg5d9mqahhkbaxa4igrdgq7bbqra-nodejs-22.17.0-libv8",
        "out": "/nix/store/368l5fmrl9yc2h8ngbw3b6hhp7fc8chh-nodejs-22.17.0"
      },
      "system": "aarch64-linux",
      "group": "toplevel",
      "priority": 5
    },
    {
      "attr_path": "nodejs_22",
      "broken": false,
      "derivation": "/nix/store/dv9i7vz3bqp38vd4alipvw57nbnh159f-nodejs-22.17.0.drv",
      "description": "Event-driven I/O framework for the V8 JavaScript engine",
      "install_id": "nodejs",
      "license": "MIT",
      "locked_url": "https://github.com/flox/nixpkgs?rev=17f6bd177404d6d43017595c5264756764444ab8",
      "name": "nodejs-22.17.0",
      "pname": "nodejs_22",
      "rev": "17f6bd177404d6d43017595c5264756764444ab8",
      "rev_count": 835620,
      "rev_date": "2025-07-26T16:59:46Z",
      "scrape_date": "2025-07-29T01:20:06.806254Z",
      "stabilities": [
        "unstable"
      ],
      "unfree": false,
      "version": "22.17.0",
      "outputs_to_install": [
        "out"
      ],
      "outputs": {
        "dev": "/nix/store/a09q6g0l907dvib30wxp2zhd1yx8p4w9-nodejs-22.17.0-dev",
        "libv8": "/nix/store/1psqihyqxkm0pa5n6b1jyy7fn7s5d3w5-nodejs-22.17.0-libv8",
        "out": "/nix/store/rn17ypna061gf9l94m8dcq4n6jwi2qmx-nodejs-22.17.0"
      },
      "system": "x86_64-darwin",
      "group": "toplevel",
      "priority": 5
    },
    {
      "attr_path": "nodejs_22",
      "broken": false,
      "derivation": "/nix/store/1j5phnsrk0dylzigngdwc143a20y9ify-nodejs-22.17.0.drv",
      "description": "Event-driven I/O framework for the V8 JavaScript engine",
      "install_id": "nodejs",
      "license": "MIT",
      "locked_url": "https://github.com/flox/nixpkgs?rev=17f6bd177404d6d43017595c5264756764444ab8",
      "name": "nodejs-22.17.0",
      "pname": "nodejs_22",
      "rev": "17f6bd177404d6d43017595c5264756764444ab8",
      "rev_count": 835620,
      "rev_date": "2025-07-26T16:59:46Z",
      "scrape_date": "2025-07-29T01:47:15.414595Z",
      "stabilities": [
        "unstable"
      ],
      "unfree": false,
      "version": "22.17.0",
      "outputs_to_install": [
        "out"
      ],
      "outputs": {
        "dev": "/nix/store/56m9qb3lvy446hirs940cgmgjk54yssl-nodejs-22.17.0-dev",
        "libv8": "/nix/store/40hasi9aw7r9qcacppgf712qzi8aa3br-nodejs-22.17.0-libv8",
        "out": "/nix/store/whnr2rydma74q97zs56ic601ixs88njg-nodejs-22.17.0"
      },
      "system": "x86_64-linux",
      "group": "toplevel",
      "priority": 5
    },
    {
      "attr_path": "pnpm",
      "broken": false,
      "derivation": "/nix/store/91hb9a93c1649bg77lj3srad5qbm5bpf-pnpm-10.13.1.drv",
      "description": "Fast, disk space efficient package manager for JavaScript",
      "install_id": "pnpm",
      "license": "MIT",
      "locked_url": "https://github.com/flox/nixpkgs?rev=17f6bd177404d6d43017595c5264756764444ab8",
      "name": "pnpm-10.13.1",
      "pname": "pnpm",
      "rev": "17f6bd177404d6d43017595c5264756764444ab8",
      "rev_count": 835620,
      "rev_date": "2025-07-26T16:59:46Z",
      "scrape_date": "2025-07-29T00:33:02.146933Z",
      "stabilities": [
        "unstable"
      ],
      "unfree": false,
      "version": "10.13.1",
      "outputs_to_install": [
        "out"
      ],
      "outputs": {
        "out": "/nix/store/isv167vwnbhbpa7pkibshpd31w9d1ah1-pnpm-10.13.1"
      },
      "system": "aarch64-darwin",
      "group": "toplevel",
      "priority": 5
    },
    {
      "attr_path": "pnpm",
      "broken": false,
      "derivation": "/nix/store/z92ihjsi0wvlljdb9p8rf2bd00hk8x2v-pnpm-10.13.1.drv",
      "description": "Fast, disk space efficient package manager for JavaScript",
      "install_id": "pnpm",
      "license": "MIT",
      "locked_url": "https://github.com/flox/nixpkgs?rev=17f6bd177404d6d43017595c5264756764444ab8",
      "name": "pnpm-10.13.1",
      "pname": "pnpm",
      "rev": "17f6bd177404d6d43017595c5264756764444ab8",
      "rev_count": 835620,
      "rev_date": "2025-07-26T16:59:46Z",
      "scrape_date": "2025-07-29T00:57:16.994367Z",
      "stabilities": [
        "unstable"
      ],
      "unfree": false,
      "version": "10.13.1",
      "outputs_to_install": [
        "out"
      ],
      "outputs": {
        "out": "/nix/store/yi7853kv4b7jz32k9hw329dh4010qpgl-pnpm-10.13.1"
      },
      "system": "aarch64-linux",
      "group": "toplevel",
      "priority": 5
    },
    {
      "attr_path": "pnpm",
      "broken": false,
      "derivation": "/nix/store/3mlxwpk1lrqx6vphbgs1rv5zcagaznq9-pnpm-10.13.1.drv",
      "description": "Fast, disk space efficient package manager for JavaScript",
      "install_id": "pnpm",
      "license": "MIT",
      "locked_url": "https://github.com/flox/nixpkgs?rev=17f6bd177404d6d43017595c5264756764444ab8",
      "name": "pnpm-10.13.1",
      "pname": "pnpm",
      "rev": "17f6bd177404d6d43017595c5264756764444ab8",
      "rev_count": 835620,
      "rev_date": "2025-07-26T16:59:46Z",
      "scrape_date": "2025-07-29T01:20:12.194008Z",
      "stabilities": [
        "unstable"
      ],
      "unfree": false,
      "version": "10.13.1",
      "outputs_to_install": [
        "out"
      ],
      "outputs": {
        "out": "/nix/store/zk5x54d2fhw5g2khx63swxmihji3vh59-pnpm-10.13.1"
      },
      "system": "x86_64-darwin",
      "group": "toplevel",
      "priority": 5
    },
    {
      "attr_path": "pnpm",
      "broken": false,
      "derivation": "/nix/store/2dgzi46g2fai7ri17rvrif7ciwsnqizs-pnpm-10.13.1.drv",
      "description": "Fast, disk space efficient package manager for JavaScript",
      "install_id": "pnpm",
      "license": "MIT",
      "locked_url": "https://github.com/flox/nixpkgs?rev=17f6bd177404d6d43017595c5264756764444ab8",
      "name": "pnpm-10.13.1",
      "pname": "pnpm",
      "rev": "17f6bd177404d6d43017595c5264756764444ab8",
      "rev_count": 835620,
      "rev_date": "2025-07-26T16:59:46Z",
      "scrape_date": "2025-07-29T01:47:26.291206Z",
      "stabilities": [
        "unstable"
      ],
      "unfree": false,
      "version": "10.13.1",
      "outputs_to_install": [
        "out"
      ],
      "outputs": {
        "out": "/nix/store/98hbwcmr35si6nbkylfncnah529ahpwj-pnpm-10.13.1"
      },
      "system": "x86_64-linux",
      "group": "toplevel",
      "priority": 5
    },
    {
      "attr_path": "postgresql_17",
      "broken": false,
      "derivation": "/nix/store/4asmhilm73apx045pzy2n8lfgd5fbrxr-postgresql-17.5.drv",
      "description": "Powerful, open source object-relational database system",
      "install_id": "postgresql",
      "license": "PostgreSQL",
      "locked_url": "https://github.com/flox/nixpkgs?rev=17f6bd177404d6d43017595c5264756764444ab8",
      "name": "postgresql-17.5",
      "pname": "postgresql_17",
      "rev": "17f6bd177404d6d43017595c5264756764444ab8",
      "rev_count": 835620,
      "rev_date": "2025-07-26T16:59:46Z",
      "scrape_date": "2025-07-29T00:33:02.559790Z",
      "stabilities": [
        "unstable"
      ],
      "unfree": false,
      "version": "17.5",
      "outputs_to_install": [
        "man",
        "out"
      ],
      "outputs": {
        "dev": "/nix/store/rid24asr9anzmzvj8vzvvh6vhyzrv1g0-postgresql-17.5-dev",
        "doc": "/nix/store/13n7szqbq83d5s7i17xd1y6vijnlw8si-postgresql-17.5-doc",
        "jit": "/nix/store/pwi2jpd8kzpddzcj6rnhas1rkd17j05l-postgresql-17.5-jit",
        "lib": "/nix/store/z2ixx0168lngnhdgcxaw9w6wra0ibnnx-postgresql-17.5-lib",
        "man": "/nix/store/g3gynlyaxxgwiq8fm5lcqs7cp0fr25zl-postgresql-17.5-man",
        "out": "/nix/store/dfmi5df0i45v2cibv90zbga22l5pmmnw-postgresql-17.5",
        "plperl": "/nix/store/8qv982x7a177gwn2d0s2xnss9gayhj51-postgresql-17.5-plperl",
        "plpython3": "/nix/store/fqkh3qj0x8by1aczhg5sj2wla0rmg3wr-postgresql-17.5-plpython3",
        "pltcl": "/nix/store/bvfy276k5xz806vglghvbl7s8c6wl5z4-postgresql-17.5-pltcl"
      },
      "system": "aarch64-darwin",
      "group": "toplevel",
      "priority": 5
    },
    {
      "attr_path": "postgresql_17",
      "broken": false,
      "derivation": "/nix/store/yngybp517w740vw87kjzcilnidv95n3v-postgresql-17.5.drv",
      "description": "Powerful, open source object-relational database system",
      "install_id": "postgresql",
      "license": "PostgreSQL",
      "locked_url": "https://github.com/flox/nixpkgs?rev=17f6bd177404d6d43017595c5264756764444ab8",
      "name": "postgresql-17.5",
      "pname": "postgresql_17",
      "rev": "17f6bd177404d6d43017595c5264756764444ab8",
      "rev_count": 835620,
      "rev_date": "2025-07-26T16:59:46Z",
      "scrape_date": "2025-07-29T00:57:17.704631Z",
      "stabilities": [
        "unstable"
      ],
      "unfree": false,
      "version": "17.5",
      "outputs_to_install": [
        "man",
        "out"
      ],
      "outputs": {
        "debug": "/nix/store/s84wvrgpqql4iw9gygq5jzs93c7bvv90-postgresql-17.5-debug",
        "dev": "/nix/store/l7rryvxw8z6im8dnsmskpry4ydbnk6rq-postgresql-17.5-dev",
        "doc": "/nix/store/5g0krnrsbwmpvwz50jk7if7az8q9yxvp-postgresql-17.5-doc",
        "jit": "/nix/store/3jflknpljm3hfr03fih3rwm18wdxdwkh-postgresql-17.5-jit",
        "lib": "/nix/store/06mkcha74k49nzjg5zdlf8ywv2ij77sm-postgresql-17.5-lib",
        "man": "/nix/store/z39cmrls5696pv6a99kglyyw309z2lj9-postgresql-17.5-man",
        "out": "/nix/store/mdf05bq8zlvraxpxlyj3rg6660x3ramx-postgresql-17.5",
        "plperl": "/nix/store/l7g0spdxs7wfhzlfz6584krb4wxbl0hn-postgresql-17.5-plperl",
        "plpython3": "/nix/store/wivl4xjnsdka9cz3aiv5y7fg7rqg7jfp-postgresql-17.5-plpython3",
        "pltcl": "/nix/store/n58hxn83kdxmhd2hx1jhbn9bca07595j-postgresql-17.5-pltcl"
      },
      "system": "aarch64-linux",
      "group": "toplevel",
      "priority": 5
    },
    {
      "attr_path": "postgresql_17",
      "broken": false,
      "derivation": "/nix/store/2jjbfpzq04aad7cyb57q7w7mvpl1d9vl-postgresql-17.5.drv",
      "description": "Powerful, open source object-relational database system",
      "install_id": "postgresql",
      "license": "PostgreSQL",
      "locked_url": "https://github.com/flox/nixpkgs?rev=17f6bd177404d6d43017595c5264756764444ab8",
      "name": "postgresql-17.5",
      "pname": "postgresql_17",
      "rev": "17f6bd177404d6d43017595c5264756764444ab8",
      "rev_count": 835620,
      "rev_date": "2025-07-26T16:59:46Z",
      "scrape_date": "2025-07-29T01:20:12.612131Z",
      "stabilities": [
        "unstable"
      ],
      "unfree": false,
      "version": "17.5",
      "outputs_to_install": [
        "man",
        "out"
      ],
      "outputs": {
        "dev": "/nix/store/c6mk6kvrchibfmjc9fia8i0d064mfl51-postgresql-17.5-dev",
        "doc": "/nix/store/1sh044b2grn7xd40afrqa56lvh1i4bkh-postgresql-17.5-doc",
        "jit": "/nix/store/dwlbnv8qs5m3sz4vdln9d9bz6rilc5r6-postgresql-17.5-jit",
        "lib": "/nix/store/83xc3vq9vmaix9ab0cx849ypnbcajv5q-postgresql-17.5-lib",
        "man": "/nix/store/1q81qzabr82rn36zs9ll6s8c6briqbbv-postgresql-17.5-man",
        "out": "/nix/store/dh5vca89l71qprnlhk8syb79c544s8wd-postgresql-17.5",
        "plperl": "/nix/store/q4s9pzl97bf4lkxlwsamwb0q3w611ldy-postgresql-17.5-plperl",
        "plpython3": "/nix/store/kvk8x0lphwfd5nkncv7ixn8j37964ihg-postgresql-17.5-plpython3",
        "pltcl": "/nix/store/x7ngrwcymp5zmqm62qf5wixirsdm74vm-postgresql-17.5-pltcl"
      },
      "system": "x86_64-darwin",
      "group": "toplevel",
      "priority": 5
    },
    {
      "attr_path": "postgresql_17",
      "broken": false,
      "derivation": "/nix/store/3yi9a1s1jjb20wfgb27jyqsw1d14kmip-postgresql-17.5.drv",
      "description": "Powerful, open source object-relational database system",
      "install_id": "postgresql",
      "license": "PostgreSQL",
      "locked_url": "https://github.com/flox/nixpkgs?rev=17f6bd177404d6d43017595c5264756764444ab8",
      "name": "postgresql-17.5",
      "pname": "postgresql_17",
      "rev": "17f6bd177404d6d43017595c5264756764444ab8",
      "rev_count": 835620,
      "rev_date": "2025-07-26T16:59:46Z",
      "scrape_date": "2025-07-29T01:47:27.074935Z",
      "stabilities": [
        "unstable"
      ],
      "unfree": false,
      "version": "17.5",
      "outputs_to_install": [
        "man",
        "out"
      ],
      "outputs": {
        "debug": "/nix/store/p9qmqlj43crbvya5zic4daxpa9irpcf6-postgresql-17.5-debug",
        "dev": "/nix/store/dhvvss0cly7inw5m5gg00zaksn1x4k0a-postgresql-17.5-dev",
        "doc": "/nix/store/wy4x55s5idkpjwdc38icsjj5fai7qr35-postgresql-17.5-doc",
        "jit": "/nix/store/1ymacxkxm8z5v9yhh196gv82462vrja8-postgresql-17.5-jit",
        "lib": "/nix/store/n8z6i9wdbv4wkckw88fcf85pjpydvdmw-postgresql-17.5-lib",
        "man": "/nix/store/vrqqycznilgqy95rfrxp7ji9l8swdlc7-postgresql-17.5-man",
        "out": "/nix/store/f1akpy48ng3zshls7ncfx0h45ca9kskg-postgresql-17.5",
        "plperl": "/nix/store/3yjd6qmiz4965rwa3fz4pi2cvdzki63d-postgresql-17.5-plperl",
        "plpython3": "/nix/store/x3g44jhfkzkdxziy8122fz4djh8hi6ia-postgresql-17.5-plpython3",
        "pltcl": "/nix/store/sfjhv0zx9mklr23n9ybfwmlggw13ciy7-postgresql-17.5-pltcl"
      },
      "system": "x86_64-linux",
      "group": "toplevel",
      "priority": 5
    }
  ]
}